// !$*UTF8*$!
{
	archiveVersion = 1;
	classes = {
	};
	objectVersion = 46;
	objects = {

/* Begin PBXBuildFile section */
		7110E5093E46F1C76B8A2DF3 /* libPods-NetronixApplicationUITests.a in Frameworks */ = {isa = PBXBuildFile; fileRef = 239B34DE9BBF7C8553EE6ABF /* libPods-NetronixApplicationUITests.a */; };
		7ECF495900C980627FE4EDE8 /* libPods-NetronixApplication.a in Frameworks */ = {isa = PBXBuildFile; fileRef = 198EEC7254D042D1EAF1D116 /* libPods-NetronixApplication.a */; };
		8C7CF309203771160021BA9B /* main.m in Sources */ = {isa = PBXBuildFile; fileRef = 8C7CF308203771160021BA9B /* main.m */; };
		8C7CF30C203771160021BA9B /* AppDelegate.m in Sources */ = {isa = PBXBuildFile; fileRef = 8C7CF30B203771160021BA9B /* AppDelegate.m */; };
		8C7CF30F203771160021BA9B /* ViewController.m in Sources */ = {isa = PBXBuildFile; fileRef = 8C7CF30E203771160021BA9B /* ViewController.m */; };
		8C7CF312203771160021BA9B /* Main.storyboard in Resources */ = {isa = PBXBuildFile; fileRef = 8C7CF310203771160021BA9B /* Main.storyboard */; };
		8C7CF314203771160021BA9B /* Assets.xcassets in Resources */ = {isa = PBXBuildFile; fileRef = 8C7CF313203771160021BA9B /* Assets.xcassets */; };
		8C7CF317203771160021BA9B /* LaunchScreen.storyboard in Resources */ = {isa = PBXBuildFile; fileRef = 8C7CF315203771160021BA9B /* LaunchScreen.storyboard */; };
		8C7CF322203771160021BA9B /* NetronixApplicationTests.m in Sources */ = {isa = PBXBuildFile; fileRef = 8C7CF321203771160021BA9B /* NetronixApplicationTests.m */; };
		8C7CF32D203771160021BA9B /* NetronixApplicationUITests.m in Sources */ = {isa = PBXBuildFile; fileRef = 8C7CF32C203771160021BA9B /* NetronixApplicationUITests.m */; };
		96AAA28290E501370D9C2205 /* libPods-NetronixApplicationTests.a in Frameworks */ = {isa = PBXBuildFile; fileRef = EC2B4EC7F2F9B7025342352E /* libPods-NetronixApplicationTests.a */; };
/* End PBXBuildFile section */

/* Begin PBXContainerItemProxy section */
		8C7CF31E203771160021BA9B /* PBXContainerItemProxy */ = {
			isa = PBXContainerItemProxy;
			containerPortal = 8C7CF2FC203771160021BA9B /* Project object */;
			proxyType = 1;
			remoteGlobalIDString = 8C7CF303203771160021BA9B;
			remoteInfo = NetronixApplication;
		};
		8C7CF329203771160021BA9B /* PBXContainerItemProxy */ = {
			isa = PBXContainerItemProxy;
			containerPortal = 8C7CF2FC203771160021BA9B /* Project object */;
			proxyType = 1;
			remoteGlobalIDString = 8C7CF303203771160021BA9B;
			remoteInfo = NetronixApplication;
		};
/* End PBXContainerItemProxy section */

/* Begin PBXFileReference section */
		198EEC7254D042D1EAF1D116 /* libPods-NetronixApplication.a */ = {isa = PBXFileReference; explicitFileType = archive.ar; includeInIndex = 0; path = "libPods-NetronixApplication.a"; sourceTree = BUILT_PRODUCTS_DIR; };
		239B34DE9BBF7C8553EE6ABF /* libPods-NetronixApplicationUITests.a */ = {isa = PBXFileReference; explicitFileType = archive.ar; includeInIndex = 0; path = "libPods-NetronixApplicationUITests.a"; sourceTree = BUILT_PRODUCTS_DIR; };
		51D5593FC64A200CD9FAA55F /* Pods-NetronixApplicationUITests.release.xcconfig */ = {isa = PBXFileReference; includeInIndex = 1; lastKnownFileType = text.xcconfig; name = "Pods-NetronixApplicationUITests.release.xcconfig"; path = "Pods/Target Support Files/Pods-NetronixApplicationUITests/Pods-NetronixApplicationUITests.release.xcconfig"; sourceTree = "<group>"; };
		60B64E9538F7CF9E4706B4E7 /* Pods-NetronixApplication.debug.xcconfig */ = {isa = PBXFileReference; includeInIndex = 1; lastKnownFileType = text.xcconfig; name = "Pods-NetronixApplication.debug.xcconfig"; path = "Pods/Target Support Files/Pods-NetronixApplication/Pods-NetronixApplication.debug.xcconfig"; sourceTree = "<group>"; };
		8C7CF304203771160021BA9B /* NetronixApplication.app */ = {isa = PBXFileReference; explicitFileType = wrapper.application; includeInIndex = 0; path = NetronixApplication.app; sourceTree = BUILT_PRODUCTS_DIR; };
		8C7CF308203771160021BA9B /* main.m */ = {isa = PBXFileReference; lastKnownFileType = sourcecode.c.objc; path = main.m; sourceTree = "<group>"; };
		8C7CF30A203771160021BA9B /* AppDelegate.h */ = {isa = PBXFileReference; lastKnownFileType = sourcecode.c.h; path = AppDelegate.h; sourceTree = "<group>"; };
		8C7CF30B203771160021BA9B /* AppDelegate.m */ = {isa = PBXFileReference; lastKnownFileType = sourcecode.c.objc; path = AppDelegate.m; sourceTree = "<group>"; };
		8C7CF30D203771160021BA9B /* ViewController.h */ = {isa = PBXFileReference; lastKnownFileType = sourcecode.c.h; path = ViewController.h; sourceTree = "<group>"; };
		8C7CF30E203771160021BA9B /* ViewController.m */ = {isa = PBXFileReference; lastKnownFileType = sourcecode.c.objc; path = ViewController.m; sourceTree = "<group>"; };
		8C7CF311203771160021BA9B /* Base */ = {isa = PBXFileReference; lastKnownFileType = file.storyboard; name = Base; path = Base.lproj/Main.storyboard; sourceTree = "<group>"; };
		8C7CF313203771160021BA9B /* Assets.xcassets */ = {isa = PBXFileReference; lastKnownFileType = folder.assetcatalog; path = Assets.xcassets; sourceTree = "<group>"; };
		8C7CF316203771160021BA9B /* Base */ = {isa = PBXFileReference; lastKnownFileType = file.storyboard; name = Base; path = Base.lproj/LaunchScreen.storyboard; sourceTree = "<group>"; };
		8C7CF318203771160021BA9B /* Info.plist */ = {isa = PBXFileReference; lastKnownFileType = text.plist.xml; path = Info.plist; sourceTree = "<group>"; };
		8C7CF31D203771160021BA9B /* NetronixApplicationTests.xctest */ = {isa = PBXFileReference; explicitFileType = wrapper.cfbundle; includeInIndex = 0; path = NetronixApplicationTests.xctest; sourceTree = BUILT_PRODUCTS_DIR; };
		8C7CF321203771160021BA9B /* NetronixApplicationTests.m */ = {isa = PBXFileReference; lastKnownFileType = sourcecode.c.objc; path = NetronixApplicationTests.m; sourceTree = "<group>"; };
		8C7CF323203771160021BA9B /* Info.plist */ = {isa = PBXFileReference; lastKnownFileType = text.plist.xml; path = Info.plist; sourceTree = "<group>"; };
		8C7CF328203771160021BA9B /* NetronixApplicationUITests.xctest */ = {isa = PBXFileReference; explicitFileType = wrapper.cfbundle; includeInIndex = 0; path = NetronixApplicationUITests.xctest; sourceTree = BUILT_PRODUCTS_DIR; };
		8C7CF32C203771160021BA9B /* NetronixApplicationUITests.m */ = {isa = PBXFileReference; lastKnownFileType = sourcecode.c.objc; path = NetronixApplicationUITests.m; sourceTree = "<group>"; };
		8C7CF32E203771160021BA9B /* Info.plist */ = {isa = PBXFileReference; lastKnownFileType = text.plist.xml; path = Info.plist; sourceTree = "<group>"; };
		B65C0EA691AB49EBBA58DC25 /* Pods-NetronixApplicationTests.debug.xcconfig */ = {isa = PBXFileReference; includeInIndex = 1; lastKnownFileType = text.xcconfig; name = "Pods-NetronixApplicationTests.debug.xcconfig"; path = "Pods/Target Support Files/Pods-NetronixApplicationTests/Pods-NetronixApplicationTests.debug.xcconfig"; sourceTree = "<group>"; };
		E19CF18E02F49D53A3A9A960 /* Pods-NetronixApplicationTests.release.xcconfig */ = {isa = PBXFileReference; includeInIndex = 1; lastKnownFileType = text.xcconfig; name = "Pods-NetronixApplicationTests.release.xcconfig"; path = "Pods/Target Support Files/Pods-NetronixApplicationTests/Pods-NetronixApplicationTests.release.xcconfig"; sourceTree = "<group>"; };
		EA3DBAA1669D96F1AC8023DD /* Pods-NetronixApplicationUITests.debug.xcconfig */ = {isa = PBXFileReference; includeInIndex = 1; lastKnownFileType = text.xcconfig; name = "Pods-NetronixApplicationUITests.debug.xcconfig"; path = "Pods/Target Support Files/Pods-NetronixApplicationUITests/Pods-NetronixApplicationUITests.debug.xcconfig"; sourceTree = "<group>"; };
		EC2B4EC7F2F9B7025342352E /* libPods-NetronixApplicationTests.a */ = {isa = PBXFileReference; explicitFileType = archive.ar; includeInIndex = 0; path = "libPods-NetronixApplicationTests.a"; sourceTree = BUILT_PRODUCTS_DIR; };
		F5DDF26CBEC3A40DC9E2C9EF /* Pods-NetronixApplication.release.xcconfig */ = {isa = PBXFileReference; includeInIndex = 1; lastKnownFileType = text.xcconfig; name = "Pods-NetronixApplication.release.xcconfig"; path = "Pods/Target Support Files/Pods-NetronixApplication/Pods-NetronixApplication.release.xcconfig"; sourceTree = "<group>"; };
/* End PBXFileReference section */

/* Begin PBXFrameworksBuildPhase section */
		8C7CF301203771160021BA9B /* Frameworks */ = {
			isa = PBXFrameworksBuildPhase;
			buildActionMask = 2147483647;
			files = (
				7ECF495900C980627FE4EDE8 /* libPods-NetronixApplication.a in Frameworks */,
			);
			runOnlyForDeploymentPostprocessing = 0;
		};
		8C7CF31A203771160021BA9B /* Frameworks */ = {
			isa = PBXFrameworksBuildPhase;
			buildActionMask = 2147483647;
			files = (
				96AAA28290E501370D9C2205 /* libPods-NetronixApplicationTests.a in Frameworks */,
			);
			runOnlyForDeploymentPostprocessing = 0;
		};
		8C7CF325203771160021BA9B /* Frameworks */ = {
			isa = PBXFrameworksBuildPhase;
			buildActionMask = 2147483647;
			files = (
				7110E5093E46F1C76B8A2DF3 /* libPods-NetronixApplicationUITests.a in Frameworks */,
			);
			runOnlyForDeploymentPostprocessing = 0;
		};
/* End PBXFrameworksBuildPhase section */

/* Begin PBXGroup section */
		24F6020A7C0A68A9479495F3 /* Pods */ = {
			isa = PBXGroup;
			children = (
				60B64E9538F7CF9E4706B4E7 /* Pods-NetronixApplication.debug.xcconfig */,
				F5DDF26CBEC3A40DC9E2C9EF /* Pods-NetronixApplication.release.xcconfig */,
				B65C0EA691AB49EBBA58DC25 /* Pods-NetronixApplicationTests.debug.xcconfig */,
				E19CF18E02F49D53A3A9A960 /* Pods-NetronixApplicationTests.release.xcconfig */,
				EA3DBAA1669D96F1AC8023DD /* Pods-NetronixApplicationUITests.debug.xcconfig */,
				51D5593FC64A200CD9FAA55F /* Pods-NetronixApplicationUITests.release.xcconfig */,
			);
			name = Pods;
			sourceTree = "<group>";
		};
		8C7CF2FB203771160021BA9B = {
			isa = PBXGroup;
			children = (
				8C7CF306203771160021BA9B /* NetronixApplication */,
				8C7CF320203771160021BA9B /* NetronixApplicationTests */,
				8C7CF32B203771160021BA9B /* NetronixApplicationUITests */,
				8C7CF305203771160021BA9B /* Products */,
				24F6020A7C0A68A9479495F3 /* Pods */,
				B2F36129B2FA988FA17CF68E /* Frameworks */,
			);
			sourceTree = "<group>";
		};
		8C7CF305203771160021BA9B /* Products */ = {
			isa = PBXGroup;
			children = (
				8C7CF304203771160021BA9B /* NetronixApplication.app */,
				8C7CF31D203771160021BA9B /* NetronixApplicationTests.xctest */,
				8C7CF328203771160021BA9B /* NetronixApplicationUITests.xctest */,
			);
			name = Products;
			sourceTree = "<group>";
		};
		8C7CF306203771160021BA9B /* NetronixApplication */ = {
			isa = PBXGroup;
			children = (
				8C7CF30A203771160021BA9B /* AppDelegate.h */,
				8C7CF30B203771160021BA9B /* AppDelegate.m */,
				8C7CF30D203771160021BA9B /* ViewController.h */,
				8C7CF30E203771160021BA9B /* ViewController.m */,
				8C7CF310203771160021BA9B /* Main.storyboard */,
				8C7CF313203771160021BA9B /* Assets.xcassets */,
				8C7CF315203771160021BA9B /* LaunchScreen.storyboard */,
				8C7CF318203771160021BA9B /* Info.plist */,
				8C7CF307203771160021BA9B /* Supporting Files */,
			);
			path = NetronixApplication;
			sourceTree = "<group>";
		};
		8C7CF307203771160021BA9B /* Supporting Files */ = {
			isa = PBXGroup;
			children = (
				8C7CF308203771160021BA9B /* main.m */,
			);
			name = "Supporting Files";
			sourceTree = "<group>";
		};
		8C7CF320203771160021BA9B /* NetronixApplicationTests */ = {
			isa = PBXGroup;
			children = (
				8C7CF321203771160021BA9B /* NetronixApplicationTests.m */,
				8C7CF323203771160021BA9B /* Info.plist */,
			);
			path = NetronixApplicationTests;
			sourceTree = "<group>";
		};
		8C7CF32B203771160021BA9B /* NetronixApplicationUITests */ = {
			isa = PBXGroup;
			children = (
				8C7CF32C203771160021BA9B /* NetronixApplicationUITests.m */,
				8C7CF32E203771160021BA9B /* Info.plist */,
			);
			path = NetronixApplicationUITests;
			sourceTree = "<group>";
		};
		B2F36129B2FA988FA17CF68E /* Frameworks */ = {
			isa = PBXGroup;
			children = (
				198EEC7254D042D1EAF1D116 /* libPods-NetronixApplication.a */,
				EC2B4EC7F2F9B7025342352E /* libPods-NetronixApplicationTests.a */,
				239B34DE9BBF7C8553EE6ABF /* libPods-NetronixApplicationUITests.a */,
			);
			name = Frameworks;
			sourceTree = "<group>";
		};
/* End PBXGroup section */

/* Begin PBXNativeTarget section */
		8C7CF303203771160021BA9B /* NetronixApplication */ = {
			isa = PBXNativeTarget;
			buildConfigurationList = 8C7CF331203771170021BA9B /* Build configuration list for PBXNativeTarget "NetronixApplication" */;
			buildPhases = (
				5BBF985A5A083C1198B761AC /* [CP] Check Pods Manifest.lock */,
				8C7CF300203771160021BA9B /* Sources */,
				8C7CF301203771160021BA9B /* Frameworks */,
				8C7CF302203771160021BA9B /* Resources */,
				D21183F574303EC75BDF01CE /* [CP] Embed Pods Frameworks */,
				1F4B2F3F4183209F20E6B662 /* [CP] Copy Pods Resources */,
			);
			buildRules = (
			);
			dependencies = (
			);
			name = NetronixApplication;
			productName = NetronixApplication;
			productReference = 8C7CF304203771160021BA9B /* NetronixApplication.app */;
			productType = "com.apple.product-type.application";
		};
		8C7CF31C203771160021BA9B /* NetronixApplicationTests */ = {
			isa = PBXNativeTarget;
			buildConfigurationList = 8C7CF334203771170021BA9B /* Build configuration list for PBXNativeTarget "NetronixApplicationTests" */;
			buildPhases = (
				480D802AABC85A4C6B191A22 /* [CP] Check Pods Manifest.lock */,
				8C7CF319203771160021BA9B /* Sources */,
				8C7CF31A203771160021BA9B /* Frameworks */,
				8C7CF31B203771160021BA9B /* Resources */,
				7DAA86183AA491E0F22D7497 /* [CP] Embed Pods Frameworks */,
				24252D59E3B7547346AF1A2E /* [CP] Copy Pods Resources */,
			);
			buildRules = (
			);
			dependencies = (
				8C7CF31F203771160021BA9B /* PBXTargetDependency */,
			);
			name = NetronixApplicationTests;
			productName = NetronixApplicationTests;
			productReference = 8C7CF31D203771160021BA9B /* NetronixApplicationTests.xctest */;
			productType = "com.apple.product-type.bundle.unit-test";
		};
		8C7CF327203771160021BA9B /* NetronixApplicationUITests */ = {
			isa = PBXNativeTarget;
			buildConfigurationList = 8C7CF337203771170021BA9B /* Build configuration list for PBXNativeTarget "NetronixApplicationUITests" */;
			buildPhases = (
				71C4622EF5C85736E06D5445 /* [CP] Check Pods Manifest.lock */,
				8C7CF324203771160021BA9B /* Sources */,
				8C7CF325203771160021BA9B /* Frameworks */,
				8C7CF326203771160021BA9B /* Resources */,
				C4237F821F0DCE6087275287 /* [CP] Embed Pods Frameworks */,
				3D7A52F853940CFA6AA8A78E /* [CP] Copy Pods Resources */,
			);
			buildRules = (
			);
			dependencies = (
				8C7CF32A203771160021BA9B /* PBXTargetDependency */,
			);
			name = NetronixApplicationUITests;
			productName = NetronixApplicationUITests;
			productReference = 8C7CF328203771160021BA9B /* NetronixApplicationUITests.xctest */;
			productType = "com.apple.product-type.bundle.ui-testing";
		};
/* End PBXNativeTarget section */

/* Begin PBXProject section */
		8C7CF2FC203771160021BA9B /* Project object */ = {
			isa = PBXProject;
			attributes = {
				LastUpgradeCheck = 0730;
				ORGANIZATIONNAME = "Oleg Fedjakin";
				TargetAttributes = {
					8C7CF303203771160021BA9B = {
						CreatedOnToolsVersion = 7.3.1;
					};
					8C7CF31C203771160021BA9B = {
						CreatedOnToolsVersion = 7.3.1;
						TestTargetID = 8C7CF303203771160021BA9B;
					};
					8C7CF327203771160021BA9B = {
						CreatedOnToolsVersion = 7.3.1;
						TestTargetID = 8C7CF303203771160021BA9B;
					};
				};
			};
			buildConfigurationList = 8C7CF2FF203771160021BA9B /* Build configuration list for PBXProject "NetronixApplication" */;
			compatibilityVersion = "Xcode 3.2";
			developmentRegion = English;
			hasScannedForEncodings = 0;
			knownRegions = (
				en,
				Base,
			);
			mainGroup = 8C7CF2FB203771160021BA9B;
			productRefGroup = 8C7CF305203771160021BA9B /* Products */;
			projectDirPath = "";
			projectRoot = "";
			targets = (
				8C7CF303203771160021BA9B /* NetronixApplication */,
				8C7CF31C203771160021BA9B /* NetronixApplicationTests */,
				8C7CF327203771160021BA9B /* NetronixApplicationUITests */,
			);
		};
/* End PBXProject section */

/* Begin PBXResourcesBuildPhase section */
		8C7CF302203771160021BA9B /* Resources */ = {
			isa = PBXResourcesBuildPhase;
			buildActionMask = 2147483647;
			files = (
				8C7CF317203771160021BA9B /* LaunchScreen.storyboard in Resources */,
				8C7CF314203771160021BA9B /* Assets.xcassets in Resources */,
				8C7CF312203771160021BA9B /* Main.storyboard in Resources */,
			);
			runOnlyForDeploymentPostprocessing = 0;
		};
		8C7CF31B203771160021BA9B /* Resources */ = {
			isa = PBXResourcesBuildPhase;
			buildActionMask = 2147483647;
			files = (
			);
			runOnlyForDeploymentPostprocessing = 0;
		};
		8C7CF326203771160021BA9B /* Resources */ = {
			isa = PBXResourcesBuildPhase;
			buildActionMask = 2147483647;
			files = (
			);
			runOnlyForDeploymentPostprocessing = 0;
		};
/* End PBXResourcesBuildPhase section */

/* Begin PBXShellScriptBuildPhase section */
		1F4B2F3F4183209F20E6B662 /* [CP] Copy Pods Resources */ = {
			isa = PBXShellScriptBuildPhase;
			buildActionMask = 2147483647;
			files = (
			);
			inputPaths = (
			);
			name = "[CP] Copy Pods Resources";
			outputPaths = (
			);
			runOnlyForDeploymentPostprocessing = 0;
			shellPath = /bin/sh;
			shellScript = "\"${SRCROOT}/Pods/Target Support Files/Pods-NetronixApplication/Pods-NetronixApplication-resources.sh\"\n";
			showEnvVarsInLog = 0;
		};
		24252D59E3B7547346AF1A2E /* [CP] Copy Pods Resources */ = {
			isa = PBXShellScriptBuildPhase;
			buildActionMask = 2147483647;
			files = (
			);
			inputPaths = (
			);
			name = "[CP] Copy Pods Resources";
			outputPaths = (
			);
			runOnlyForDeploymentPostprocessing = 0;
			shellPath = /bin/sh;
			shellScript = "\"${SRCROOT}/Pods/Target Support Files/Pods-NetronixApplicationTests/Pods-NetronixApplicationTests-resources.sh\"\n";
			showEnvVarsInLog = 0;
		};
		3D7A52F853940CFA6AA8A78E /* [CP] Copy Pods Resources */ = {
			isa = PBXShellScriptBuildPhase;
			buildActionMask = 2147483647;
			files = (
			);
			inputPaths = (
			);
			name = "[CP] Copy Pods Resources";
			outputPaths = (
			);
			runOnlyForDeploymentPostprocessing = 0;
			shellPath = /bin/sh;
			shellScript = "\"${SRCROOT}/Pods/Target Support Files/Pods-NetronixApplicationUITests/Pods-NetronixApplicationUITests-resources.sh\"\n";
			showEnvVarsInLog = 0;
		};
		480D802AABC85A4C6B191A22 /* [CP] Check Pods Manifest.lock */ = {
			isa = PBXShellScriptBuildPhase;
			buildActionMask = 2147483647;
			files = (
			);
			inputPaths = (
				"${PODS_PODFILE_DIR_PATH}/Podfile.lock",
				"${PODS_ROOT}/Manifest.lock",
			);
			name = "[CP] Check Pods Manifest.lock";
			outputPaths = (
				"$(DERIVED_FILE_DIR)/Pods-NetronixApplicationTests-checkManifestLockResult.txt",
			);
			runOnlyForDeploymentPostprocessing = 0;
			shellPath = /bin/sh;
			shellScript = "diff \"${PODS_PODFILE_DIR_PATH}/Podfile.lock\" \"${PODS_ROOT}/Manifest.lock\" > /dev/null\nif [ $? != 0 ] ; then\n    # print error to STDERR\n    echo \"error: The sandbox is not in sync with the Podfile.lock. Run 'pod install' or update your CocoaPods installation.\" >&2\n    exit 1\nfi\n# This output is used by Xcode 'outputs' to avoid re-running this script phase.\necho \"SUCCESS\" > \"${SCRIPT_OUTPUT_FILE_0}\"\n";
			showEnvVarsInLog = 0;
		};
		5BBF985A5A083C1198B761AC /* [CP] Check Pods Manifest.lock */ = {
			isa = PBXShellScriptBuildPhase;
			buildActionMask = 2147483647;
			files = (
			);
			inputPaths = (
				"${PODS_PODFILE_DIR_PATH}/Podfile.lock",
				"${PODS_ROOT}/Manifest.lock",
			);
			name = "[CP] Check Pods Manifest.lock";
			outputPaths = (
				"$(DERIVED_FILE_DIR)/Pods-NetronixApplication-checkManifestLockResult.txt",
			);
			runOnlyForDeploymentPostprocessing = 0;
			shellPath = /bin/sh;
			shellScript = "diff \"${PODS_PODFILE_DIR_PATH}/Podfile.lock\" \"${PODS_ROOT}/Manifest.lock\" > /dev/null\nif [ $? != 0 ] ; then\n    # print error to STDERR\n    echo \"error: The sandbox is not in sync with the Podfile.lock. Run 'pod install' or update your CocoaPods installation.\" >&2\n    exit 1\nfi\n# This output is used by Xcode 'outputs' to avoid re-running this script phase.\necho \"SUCCESS\" > \"${SCRIPT_OUTPUT_FILE_0}\"\n";
			showEnvVarsInLog = 0;
		};
		71C4622EF5C85736E06D5445 /* [CP] Check Pods Manifest.lock */ = {
			isa = PBXShellScriptBuildPhase;
			buildActionMask = 2147483647;
			files = (
			);
			inputPaths = (
				"${PODS_PODFILE_DIR_PATH}/Podfile.lock",
				"${PODS_ROOT}/Manifest.lock",
			);
			name = "[CP] Check Pods Manifest.lock";
			outputPaths = (
				"$(DERIVED_FILE_DIR)/Pods-NetronixApplicationUITests-checkManifestLockResult.txt",
			);
			runOnlyForDeploymentPostprocessing = 0;
			shellPath = /bin/sh;
			shellScript = "diff \"${PODS_PODFILE_DIR_PATH}/Podfile.lock\" \"${PODS_ROOT}/Manifest.lock\" > /dev/null\nif [ $? != 0 ] ; then\n    # print error to STDERR\n    echo \"error: The sandbox is not in sync with the Podfile.lock. Run 'pod install' or update your CocoaPods installation.\" >&2\n    exit 1\nfi\n# This output is used by Xcode 'outputs' to avoid re-running this script phase.\necho \"SUCCESS\" > \"${SCRIPT_OUTPUT_FILE_0}\"\n";
			showEnvVarsInLog = 0;
		};
		7DAA86183AA491E0F22D7497 /* [CP] Embed Pods Frameworks */ = {
			isa = PBXShellScriptBuildPhase;
			buildActionMask = 2147483647;
			files = (
			);
			inputPaths = (
			);
			name = "[CP] Embed Pods Frameworks";
			outputPaths = (
			);
			runOnlyForDeploymentPostprocessing = 0;
			shellPath = /bin/sh;
			shellScript = "\"${SRCROOT}/Pods/Target Support Files/Pods-NetronixApplicationTests/Pods-NetronixApplicationTests-frameworks.sh\"\n";
			showEnvVarsInLog = 0;
		};
		C4237F821F0DCE6087275287 /* [CP] Embed Pods Frameworks */ = {
			isa = PBXShellScriptBuildPhase;
			buildActionMask = 2147483647;
			files = (
			);
			inputPaths = (
			);
			name = "[CP] Embed Pods Frameworks";
			outputPaths = (
			);
			runOnlyForDeploymentPostprocessing = 0;
			shellPath = /bin/sh;
			shellScript = "\"${SRCROOT}/Pods/Target Support Files/Pods-NetronixApplicationUITests/Pods-NetronixApplicationUITests-frameworks.sh\"\n";
			showEnvVarsInLog = 0;
		};
		D21183F574303EC75BDF01CE /* [CP] Embed Pods Frameworks */ = {
			isa = PBXShellScriptBuildPhase;
			buildActionMask = 2147483647;
			files = (
			);
			inputPaths = (
			);
			name = "[CP] Embed Pods Frameworks";
			outputPaths = (
			);
			runOnlyForDeploymentPostprocessing = 0;
			shellPath = /bin/sh;
			shellScript = "\"${SRCROOT}/Pods/Target Support Files/Pods-NetronixApplication/Pods-NetronixApplication-frameworks.sh\"\n";
			showEnvVarsInLog = 0;
		};
/* End PBXShellScriptBuildPhase section */

/* Begin PBXSourcesBuildPhase section */
		8C7CF300203771160021BA9B /* Sources */ = {
			isa = PBXSourcesBuildPhase;
			buildActionMask = 2147483647;
			files = (
				8C7CF30F203771160021BA9B /* ViewController.m in Sources */,
				8C7CF30C203771160021BA9B /* AppDelegate.m in Sources */,
				8C7CF309203771160021BA9B /* main.m in Sources */,
			);
			runOnlyForDeploymentPostprocessing = 0;
		};
		8C7CF319203771160021BA9B /* Sources */ = {
			isa = PBXSourcesBuildPhase;
			buildActionMask = 2147483647;
			files = (
				8C7CF322203771160021BA9B /* NetronixApplicationTests.m in Sources */,
			);
			runOnlyForDeploymentPostprocessing = 0;
		};
		8C7CF324203771160021BA9B /* Sources */ = {
			isa = PBXSourcesBuildPhase;
			buildActionMask = 2147483647;
			files = (
				8C7CF32D203771160021BA9B /* NetronixApplicationUITests.m in Sources */,
			);
			runOnlyForDeploymentPostprocessing = 0;
		};
/* End PBXSourcesBuildPhase section */

/* Begin PBXTargetDependency section */
		8C7CF31F203771160021BA9B /* PBXTargetDependency */ = {
			isa = PBXTargetDependency;
			target = 8C7CF303203771160021BA9B /* NetronixApplication */;
			targetProxy = 8C7CF31E203771160021BA9B /* PBXContainerItemProxy */;
		};
		8C7CF32A203771160021BA9B /* PBXTargetDependency */ = {
			isa = PBXTargetDependency;
			target = 8C7CF303203771160021BA9B /* NetronixApplication */;
			targetProxy = 8C7CF329203771160021BA9B /* PBXContainerItemProxy */;
		};
/* End PBXTargetDependency section */

/* Begin PBXVariantGroup section */
		8C7CF310203771160021BA9B /* Main.storyboard */ = {
			isa = PBXVariantGroup;
			children = (
				8C7CF311203771160021BA9B /* Base */,
			);
			name = Main.storyboard;
			sourceTree = "<group>";
		};
		8C7CF315203771160021BA9B /* LaunchScreen.storyboard */ = {
			isa = PBXVariantGroup;
			children = (
				8C7CF316203771160021BA9B /* Base */,
			);
			name = LaunchScreen.storyboard;
			sourceTree = "<group>";
		};
/* End PBXVariantGroup section */

/* Begin XCBuildConfiguration section */
		8C7CF32F203771170021BA9B /* Debug */ = {
			isa = XCBuildConfiguration;
			buildSettings = {
				ALWAYS_SEARCH_USER_PATHS = NO;
				CLANG_ANALYZER_NONNULL = YES;
				CLANG_CXX_LANGUAGE_STANDARD = "gnu++0x";
				CLANG_CXX_LIBRARY = "libc++";
				CLANG_ENABLE_MODULES = YES;
				CLANG_ENABLE_OBJC_ARC = YES;
				CLANG_WARN_BOOL_CONVERSION = YES;
				CLANG_WARN_CONSTANT_CONVERSION = YES;
				CLANG_WARN_DIRECT_OBJC_ISA_USAGE = YES_ERROR;
				CLANG_WARN_EMPTY_BODY = YES;
				CLANG_WARN_ENUM_CONVERSION = YES;
				CLANG_WARN_INT_CONVERSION = YES;
				CLANG_WARN_OBJC_ROOT_CLASS = YES_ERROR;
				CLANG_WARN_UNREACHABLE_CODE = YES;
				CLANG_WARN__DUPLICATE_METHOD_MATCH = YES;
				"CODE_SIGN_IDENTITY[sdk=iphoneos*]" = "iPhone Developer";
				COPY_PHASE_STRIP = NO;
				DEBUG_INFORMATION_FORMAT = dwarf;
				ENABLE_STRICT_OBJC_MSGSEND = YES;
				ENABLE_TESTABILITY = YES;
				GCC_C_LANGUAGE_STANDARD = gnu99;
				GCC_DYNAMIC_NO_PIC = NO;
				GCC_NO_COMMON_BLOCKS = YES;
				GCC_OPTIMIZATION_LEVEL = 0;
				GCC_PREPROCESSOR_DEFINITIONS = (
					"DEBUG=1",
					"$(inherited)",
				);
				GCC_WARN_64_TO_32_BIT_CONVERSION = YES;
				GCC_WARN_ABOUT_RETURN_TYPE = YES_ERROR;
				GCC_WARN_UNDECLARED_SELECTOR = YES;
				GCC_WARN_UNINITIALIZED_AUTOS = YES_AGGRESSIVE;
				GCC_WARN_UNUSED_FUNCTION = YES;
				GCC_WARN_UNUSED_VARIABLE = YES;
				IPHONEOS_DEPLOYMENT_TARGET = 9.3;
				MTL_ENABLE_DEBUG_INFO = YES;
				ONLY_ACTIVE_ARCH = YES;
				SDKROOT = iphoneos;
				TARGETED_DEVICE_FAMILY = "1,2";
			};
			name = Debug;
		};
		8C7CF330203771170021BA9B /* Release */ = {
			isa = XCBuildConfiguration;
			buildSettings = {
				ALWAYS_SEARCH_USER_PATHS = NO;
				CLANG_ANALYZER_NONNULL = YES;
				CLANG_CXX_LANGUAGE_STANDARD = "gnu++0x";
				CLANG_CXX_LIBRARY = "libc++";
				CLANG_ENABLE_MODULES = YES;
				CLANG_ENABLE_OBJC_ARC = YES;
				CLANG_WARN_BOOL_CONVERSION = YES;
				CLANG_WARN_CONSTANT_CONVERSION = YES;
				CLANG_WARN_DIRECT_OBJC_ISA_USAGE = YES_ERROR;
				CLANG_WARN_EMPTY_BODY = YES;
				CLANG_WARN_ENUM_CONVERSION = YES;
				CLANG_WARN_INT_CONVERSION = YES;
				CLANG_WARN_OBJC_ROOT_CLASS = YES_ERROR;
				CLANG_WARN_UNREACHABLE_CODE = YES;
				CLANG_WARN__DUPLICATE_METHOD_MATCH = YES;
				"CODE_SIGN_IDENTITY[sdk=iphoneos*]" = "iPhone Developer";
				COPY_PHASE_STRIP = NO;
				DEBUG_INFORMATION_FORMAT = "dwarf-with-dsym";
				ENABLE_NS_ASSERTIONS = NO;
				ENABLE_STRICT_OBJC_MSGSEND = YES;
				GCC_C_LANGUAGE_STANDARD = gnu99;
				GCC_NO_COMMON_BLOCKS = YES;
				GCC_WARN_64_TO_32_BIT_CONVERSION = YES;
				GCC_WARN_ABOUT_RETURN_TYPE = YES_ERROR;
				GCC_WARN_UNDECLARED_SELECTOR = YES;
				GCC_WARN_UNINITIALIZED_AUTOS = YES_AGGRESSIVE;
				GCC_WARN_UNUSED_FUNCTION = YES;
				GCC_WARN_UNUSED_VARIABLE = YES;
				IPHONEOS_DEPLOYMENT_TARGET = 9.3;
				MTL_ENABLE_DEBUG_INFO = NO;
				SDKROOT = iphoneos;
				TARGETED_DEVICE_FAMILY = "1,2";
				VALIDATE_PRODUCT = YES;
			};
			name = Release;
		};
		8C7CF332203771170021BA9B /* Debug */ = {
			isa = XCBuildConfiguration;
			baseConfigurationReference = 60B64E9538F7CF9E4706B4E7 /* Pods-NetronixApplication.debug.xcconfig */;
			buildSettings = {
				ASSETCATALOG_COMPILER_APPICON_NAME = AppIcon;
				INFOPLIST_FILE = NetronixApplication/Info.plist;
				LD_RUNPATH_SEARCH_PATHS = "$(inherited) @executable_path/Frameworks";
				PRODUCT_BUNDLE_IDENTIFIER = ru.binira.NetronixApplication;
				PRODUCT_NAME = "$(TARGET_NAME)";
			};
			name = Debug;
		};
		8C7CF333203771170021BA9B /* Release */ = {
			isa = XCBuildConfiguration;
			baseConfigurationReference = F5DDF26CBEC3A40DC9E2C9EF /* Pods-NetronixApplication.release.xcconfig */;
			buildSettings = {
				ASSETCATALOG_COMPILER_APPICON_NAME = AppIcon;
				INFOPLIST_FILE = NetronixApplication/Info.plist;
				LD_RUNPATH_SEARCH_PATHS = "$(inherited) @executable_path/Frameworks";
				PRODUCT_BUNDLE_IDENTIFIER = ru.binira.NetronixApplication;
				PRODUCT_NAME = "$(TARGET_NAME)";
			};
			name = Release;
		};
		8C7CF335203771170021BA9B /* Debug */ = {
			isa = XCBuildConfiguration;
			baseConfigurationReference = B65C0EA691AB49EBBA58DC25 /* Pods-NetronixApplicationTests.debug.xcconfig */;
			buildSettings = {
				BUNDLE_LOADER = "$(TEST_HOST)";
				INFOPLIST_FILE = NetronixApplicationTests/Info.plist;
				LD_RUNPATH_SEARCH_PATHS = "$(inherited) @executable_path/Frameworks @loader_path/Frameworks";
				PRODUCT_BUNDLE_IDENTIFIER = ru.binira.NetronixApplicationTests;
				PRODUCT_NAME = "$(TARGET_NAME)";
				TEST_HOST = "$(BUILT_PRODUCTS_DIR)/NetronixApplication.app/NetronixApplication";
			};
			name = Debug;
		};
		8C7CF336203771170021BA9B /* Release */ = {
			isa = XCBuildConfiguration;
			baseConfigurationReference = E19CF18E02F49D53A3A9A960 /* Pods-NetronixApplicationTests.release.xcconfig */;
			buildSettings = {
				BUNDLE_LOADER = "$(TEST_HOST)";
				INFOPLIST_FILE = NetronixApplicationTests/Info.plist;
				LD_RUNPATH_SEARCH_PATHS = "$(inherited) @executable_path/Frameworks @loader_path/Frameworks";
				PRODUCT_BUNDLE_IDENTIFIER = ru.binira.NetronixApplicationTests;
				PRODUCT_NAME = "$(TARGET_NAME)";
				TEST_HOST = "$(BUILT_PRODUCTS_DIR)/NetronixApplication.app/NetronixApplication";
			};
			name = Release;
		};
		8C7CF338203771170021BA9B /* Debug */ = {
			isa = XCBuildConfiguration;
			baseConfigurationReference = EA3DBAA1669D96F1AC8023DD /* Pods-NetronixApplicationUITests.debug.xcconfig */;
			buildSettings = {
				INFOPLIST_FILE = NetronixApplicationUITests/Info.plist;
				LD_RUNPATH_SEARCH_PATHS = "$(inherited) @executable_path/Frameworks @loader_path/Frameworks";
				PRODUCT_BUNDLE_IDENTIFIER = ru.binira.NetronixApplicationUITests;
				PRODUCT_NAME = "$(TARGET_NAME)";
				TEST_TARGET_NAME = NetronixApplication;
			};
			name = Debug;
		};
		8C7CF339203771170021BA9B /* Release */ = {
			isa = XCBuildConfiguration;
			baseConfigurationReference = 51D5593FC64A200CD9FAA55F /* Pods-NetronixApplicationUITests.release.xcconfig */;
			buildSettings = {
				INFOPLIST_FILE = NetronixApplicationUITests/Info.plist;
				LD_RUNPATH_SEARCH_PATHS = "$(inherited) @executable_path/Frameworks @loader_path/Frameworks";
				PRODUCT_BUNDLE_IDENTIFIER = ru.binira.NetronixApplicationUITests;
				PRODUCT_NAME = "$(TARGET_NAME)";
				TEST_TARGET_NAME = NetronixApplication;
			};
			name = Release;
		};
/* End XCBuildConfiguration section */

/* Begin XCConfigurationList section */
		8C7CF2FF203771160021BA9B /* Build configuration list for PBXProject "NetronixApplication" */ = {
			isa = XCConfigurationList;
			buildConfigurations = (
				8C7CF32F203771170021BA9B /* Debug */,
				8C7CF330203771170021BA9B /* Release */,
			);
			defaultConfigurationIsVisible = 0;
			defaultConfigurationName = Release;
		};
		8C7CF331203771170021BA9B /* Build configuration list for PBXNativeTarget "NetronixApplication" */ = {
			isa = XCConfigurationList;
			buildConfigurations = (
				8C7CF332203771170021BA9B /* Debug */,
				8C7CF333203771170021BA9B /* Release */,
			);
			defaultConfigurationIsVisible = 0;
		};
		8C7CF334203771170021BA9B /* Build configuration list for PBXNativeTarget "NetronixApplicationTests" */ = {
			isa = XCConfigurationList;
			buildConfigurations = (
				8C7CF335203771170021BA9B /* Debug */,
				8C7CF336203771170021BA9B /* Release */,
			);
			defaultConfigurationIsVisible = 0;
		};
		8C7CF337203771170021BA9B /* Build configuration list for PBXNativeTarget "NetronixApplicationUITests" */ = {
			isa = XCConfigurationList;
			buildConfigurations = (
				8C7CF338203771170021BA9B /* Debug */,
				8C7CF339203771170021BA9B /* Release */,
			);
			defaultConfigurationIsVisible = 0;
		};
/* End XCConfigurationList section */
	};
	rootObject = 8C7CF2FC203771160021BA9B /* Project object */;
}
